
Microsoft Visual Studio Solution File, Format Version 12.00
# Visual Studio Version 16
VisualStudioVersion = 16.0.30114.105
MinimumVisualStudioVersion = 10.0.40219.1
Project("{FAE04EC0-301F-11D3-BF4B-00C04F79EFBC}") = "ShopBOO.Common", "ShopBOO.Common\ShopBOO.Common.csproj", "{163334D9-9EF6-41AF-AA4D-43CBD3575A86}"
EndProject
Project("{FAE04EC0-301F-11D3-BF4B-00C04F79EFBC}") = "ShopBOO.Model", "ShopBOO.Model\ShopBOO.Model.csproj", "{52FF79FC-DEF9-4675-B1D5-97B87D99AED0}"
EndProject
Project("{FAE04EC0-301F-11D3-BF4B-00C04F79EFBC}") = "ShopBOO.Data", "ShopBOO.Data\ShopBOO.Data.csproj", "{0DB95216-4281-4B00-A1FF-A6B81D64299A}"
EndProject
Project("{FAE04EC0-301F-11D3-BF4B-00C04F79EFBC}") = "ShopBOO.Service", "ShopBOO.Service\ShopBOO.Service.csproj", "{83E3CE10-CEEA-40E4-A086-51328FC2DB48}"
EndProject
Project("{FAE04EC0-301F-11D3-BF4B-00C04F79EFBC}") = "ShopBOO.UnitTest", "ShopBOO.UnitTest\ShopBOO.UnitTest.csproj", "{B2218C9C-15BF-45D8-8568-78D0ED6FE88A}"
EndProject
Project("{FAE04EC0-301F-11D3-BF4B-00C04F79EFBC}") = "ShopBOO.Web", "ShopBOO.Web\ShopBOO.Web.csproj", "{71236E68-E8A1-4FCA-88D1-444B1CA90332}"
EndProject
Global
	GlobalSection(SolutionConfigurationPlatforms) = preSolution
		Debug|Any CPU = Debug|Any CPU
		Release|Any CPU = Release|Any CPU
	EndGlobalSection
	GlobalSection(ProjectConfigurationPlatforms) = postSolution
		{163334D9-9EF6-41AF-AA4D-43CBD3575A86}.Debug|Any CPU.ActiveCfg = Debug|Any CPU
		{163334D9-9EF6-41AF-AA4D-43CBD3575A86}.Debug|Any CPU.Build.0 = Debug|Any CPU
		{163334D9-9EF6-41AF-AA4D-43CBD3575A86}.Release|Any CPU.ActiveCfg = Release|Any CPU
		{163334D9-9EF6-41AF-AA4D-43CBD3575A86}.Release|Any CPU.Build.0 = Release|Any CPU
		{52FF79FC-DEF9-4675-B1D5-97B87D99AED0}.Debug|Any CPU.ActiveCfg = Debug|Any CPU
		{52FF79FC-DEF9-4675-B1D5-97B87D99AED0}.Debug|Any CPU.Build.0 = Debug|Any CPU
		{52FF79FC-DEF9-4675-B1D5-97B87D99AED0}.Release|Any CPU.ActiveCfg = Release|Any CPU
		{52FF79FC-DEF9-4675-B1D5-97B87D99AED0}.Release|Any CPU.Build.0 = Release|Any CPU
		{0DB95216-4281-4B00-A1FF-A6B81D64299A}.Debug|Any CPU.ActiveCfg = Debug|Any CPU
		{0DB95216-4281-4B00-A1FF-A6B81D64299A}.Debug|Any CPU.Build.0 = Debug|Any CPU
		{0DB95216-4281-4B00-A1FF-A6B81D64299A}.Release|Any CPU.ActiveCfg = Release|Any CPU
		{0DB95216-4281-4B00-A1FF-A6B81D64299A}.Release|Any CPU.Build.0 = Release|Any CPU
		{83E3CE10-CEEA-40E4-A086-51328FC2DB48}.Debug|Any CPU.ActiveCfg = Debug|Any CPU
		{83E3CE10-CEEA-40E4-A086-51328FC2DB48}.Debug|Any CPU.Build.0 = Debug|Any CPU
		{83E3CE10-CEEA-40E4-A086-51328FC2DB48}.Release|Any CPU.ActiveCfg = Release|Any CPU
		{83E3CE10-CEEA-40E4-A086-51328FC2DB48}.Release|Any CPU.Build.0 = Release|Any CPU
		{B2218C9C-15BF-45D8-8568-78D0ED6FE88A}.Debug|Any CPU.ActiveCfg = Debug|Any CPU
		{B2218C9C-15BF-45D8-8568-78D0ED6FE88A}.Debug|Any CPU.Build.0 = Debug|Any CPU
		{B2218C9C-15BF-45D8-8568-78D0ED6FE88A}.Release|Any CPU.ActiveCfg = Release|Any CPU
		{B2218C9C-15BF-45D8-8568-78D0ED6FE88A}.Release|Any CPU.Build.0 = Release|Any CPU
		{71236E68-E8A1-4FCA-88D1-444B1CA90332}.Debug|Any CPU.ActiveCfg = Debug|Any CPU
		{71236E68-E8A1-4FCA-88D1-444B1CA90332}.Debug|Any CPU.Build.0 = Debug|Any CPU
		{71236E68-E8A1-4FCA-88D1-444B1CA90332}.Release|Any CPU.ActiveCfg = Release|Any CPU
		{71236E68-E8A1-4FCA-88D1-444B1CA90332}.Release|Any CPU.Build.0 = Release|Any CPU
	EndGlobalSection
	GlobalSection(SolutionProperties) = preSolution
		HideSolutionNode = FALSE
	EndGlobalSection
	GlobalSection(ExtensibilityGlobals) = postSolution
		SolutionGuid = {E89DF2AD-BA66-4B8C-B785-E4DE30ED779E}
	EndGlobalSection
EndGlobal
